// !$*UTF8*$!
{
	archiveVersion = 1;
	classes = {
	};
	objectVersion = 46;
	objects = {

/* Begin PBXBuildFile section */
		D4074B141D8C481000BD7237 /* AppDelegate.swift in Sources */ = {isa = PBXBuildFile; fileRef = D4074B131D8C481000BD7237 /* AppDelegate.swift */; };
		D4074B161D8C481000BD7237 /* ViewController.swift in Sources */ = {isa = PBXBuildFile; fileRef = D4074B151D8C481000BD7237 /* ViewController.swift */; };
		D4074B191D8C481000BD7237 /* Main.storyboard in Resources */ = {isa = PBXBuildFile; fileRef = D4074B171D8C481000BD7237 /* Main.storyboard */; };
		D4074B1B1D8C481000BD7237 /* Assets.xcassets in Resources */ = {isa = PBXBuildFile; fileRef = D4074B1A1D8C481000BD7237 /* Assets.xcassets */; };
		D4074B1E1D8C481000BD7237 /* LaunchScreen.storyboard in Resources */ = {isa = PBXBuildFile; fileRef = D4074B1C1D8C481000BD7237 /* LaunchScreen.storyboard */; };
		D4074B281D8C488000BD7237 /* CoreLocation.framework in Frameworks */ = {isa = PBXBuildFile; fileRef = D4074B261D8C488000BD7237 /* CoreLocation.framework */; };
		D4074B291D8C488000BD7237 /* MapKit.framework in Frameworks */ = {isa = PBXBuildFile; fileRef = D4074B271D8C488000BD7237 /* MapKit.framework */; };
/* End PBXBuildFile section */

/* Begin PBXFileReference section */
		D4074B101D8C480F00BD7237 /* mapTest.app */ = {isa = PBXFileReference; explicitFileType = wrapper.application; includeInIndex = 0; path = mapTest.app; sourceTree = BUILT_PRODUCTS_DIR; };
		D4074B131D8C481000BD7237 /* AppDelegate.swift */ = {isa = PBXFileReference; lastKnownFileType = sourcecode.swift; path = AppDelegate.swift; sourceTree = "<group>"; };
		D4074B151D8C481000BD7237 /* ViewController.swift */ = {isa = PBXFileReference; lastKnownFileType = sourcecode.swift; path = ViewController.swift; sourceTree = "<group>"; };
		D4074B181D8C481000BD7237 /* Base */ = {isa = PBXFileReference; lastKnownFileType = file.storyboard; name = Base; path = Base.lproj/Main.storyboard; sourceTree = "<group>"; };
		D4074B1A1D8C481000BD7237 /* Assets.xcassets */ = {isa = PBXFileReference; lastKnownFileType = folder.assetcatalog; path = Assets.xcassets; sourceTree = "<group>"; };
		D4074B1D1D8C481000BD7237 /* Base */ = {isa = PBXFileReference; lastKnownFileType = file.storyboard; name = Base; path = Base.lproj/LaunchScreen.storyboard; sourceTree = "<group>"; };
		D4074B1F1D8C481000BD7237 /* Info.plist */ = {isa = PBXFileReference; lastKnownFileType = text.plist.xml; path = Info.plist; sourceTree = "<group>"; };
		D4074B261D8C488000BD7237 /* CoreLocation.framework */ = {isa = PBXFileReference; lastKnownFileType = wrapper.framework; name = CoreLocation.framework; path = System/Library/Frameworks/CoreLocation.framework; sourceTree = SDKROOT; };
		D4074B271D8C488000BD7237 /* MapKit.framework */ = {isa = PBXFileReference; lastKnownFileType = wrapper.framework; name = MapKit.framework; path = System/Library/Frameworks/MapKit.framework; sourceTree = SDKROOT; };
/* End PBXFileReference section */

/* Begin PBXFrameworksBuildPhase section */
		D4074B0D1D8C480F00BD7237 /* Frameworks */ = {
			isa = PBXFrameworksBuildPhase;
			buildActionMask = 2147483647;
			files = (
				D4074B281D8C488000BD7237 /* CoreLocation.framework in Frameworks */,
				D4074B291D8C488000BD7237 /* MapKit.framework in Frameworks */,
			);
			runOnlyForDeploymentPostprocessing = 0;
		};
/* End PBXFrameworksBuildPhase section */

/* Begin PBXGroup section */
		D4074B071D8C480E00BD7237 = {
			isa = PBXGroup;
			children = (
				D4074B121D8C480F00BD7237 /* mapTest */,
				D4074B111D8C480F00BD7237 /* Products */,
				D4074B251D8C488000BD7237 /* Frameworks */,
			);
			sourceTree = "<group>";
		};
		D4074B111D8C480F00BD7237 /* Products */ = {
			isa = PBXGroup;
			children = (
				D4074B101D8C480F00BD7237 /* mapTest.app */,
			);
			name = Products;
			sourceTree = "<group>";
		};
		D4074B121D8C480F00BD7237 /* mapTest */ = {
			isa = PBXGroup;
			children = (
				D4074B131D8C481000BD7237 /* AppDelegate.swift */,
				D4074B151D8C481000BD7237 /* ViewController.swift */,
				D4074B171D8C481000BD7237 /* Main.storyboard */,
				D4074B1A1D8C481000BD7237 /* Assets.xcassets */,
				D4074B1C1D8C481000BD7237 /* LaunchScreen.storyboard */,
				D4074B1F1D8C481000BD7237 /* Info.plist */,
			);
			path = mapTest;
			sourceTree = "<group>";
		};
		D4074B251D8C488000BD7237 /* Frameworks */ = {
			isa = PBXGroup;
			children = (
				D4074B261D8C488000BD7237 /* CoreLocation.framework */,
				D4074B271D8C488000BD7237 /* MapKit.framework */,
			);
			name = Frameworks;
			sourceTree = "<group>";
		};
/* End PBXGroup section */

/* Begin PBXNativeTarget section */
		D4074B0F1D8C480F00BD7237 /* mapTest */ = {
			isa = PBXNativeTarget;
			buildConfigurationList = D4074B221D8C481000BD7237 /* Build configuration list for PBXNativeTarget "mapTest" */;
			buildPhases = (
				D4074B0C1D8C480F00BD7237 /* Sources */,
				D4074B0D1D8C480F00BD7237 /* Frameworks */,
				D4074B0E1D8C480F00BD7237 /* Resources */,
			);
			buildRules = (
			);
			dependencies = (
			);
			name = mapTest;
			productName = mapTest;
			productReference = D4074B101D8C480F00BD7237 /* mapTest.app */;
			productType = "com.apple.product-type.application";
		};
/* End PBXNativeTarget section */

/* Begin PBXProject section */
		D4074B081D8C480E00BD7237 /* Project object */ = {
			isa = PBXProject;
			attributes = {
				LastSwiftUpdateCheck = 0800;
				LastUpgradeCheck = 0800;
				ORGANIZATIONNAME = "Kenny Lee";
				TargetAttributes = {
					D4074B0F1D8C480F00BD7237 = {
						CreatedOnToolsVersion = 8.0;
						DevelopmentTeam = UP8PG5RXV7;
						ProvisioningStyle = Automatic;
					};
				};
			};
			buildConfigurationList = D4074B0B1D8C480E00BD7237 /* Build configuration list for PBXProject "mapTest" */;
			compatibilityVersion = "Xcode 3.2";
			developmentRegion = English;
			hasScannedForEncodings = 0;
			knownRegions = (
				en,
				Base,
			);
			mainGroup = D4074B071D8C480E00BD7237;
			productRefGroup = D4074B111D8C480F00BD7237 /* Products */;
			projectDirPath = "";
			projectRoot = "";
			targets = (
				D4074B0F1D8C480F00BD7237 /* mapTest */,
			);
		};
/* End PBXProject section */

/* Begin PBXResourcesBuildPhase section */
		D4074B0E1D8C480F00BD7237 /* Resources */ = {
			isa = PBXResourcesBuildPhase;
			buildActionMask = 2147483647;
			files = (
				D4074B1E1D8C481000BD7237 /* LaunchScreen.storyboard in Resources */,
				D4074B1B1D8C481000BD7237 /* Assets.xcassets in Resources */,
				D4074B191D8C481000BD7237 /* Main.storyboard in Resources */,
			);
			runOnlyForDeploymentPostprocessing = 0;
		};
/* End PBXResourcesBuildPhase section */

/* Begin PBXSourcesBuildPhase section */
		D4074B0C1D8C480F00BD7237 /* Sources */ = {
			isa = PBXSourcesBuildPhase;
			buildActionMask = 2147483647;
			files = (
				D4074B161D8C481000BD7237 /* ViewController.swift in Sources */,
				D4074B141D8C481000BD7237 /* AppDelegate.swift in Sources */,
			);
			runOnlyForDeploymentPostprocessing = 0;
		};
/* End PBXSourcesBuildPhase section */

/* Begin PBXVariantGroup section */
		D4074B171D8C481000BD7237 /* Main.storyboard */ = {
			isa = PBXVariantGroup;
			children = (
				D4074B181D8C481000BD7237 /* Base */,
			);
			name = Main.storyboard;
			sourceTree = "<group>";
		};
		D4074B1C1D8C481000BD7237 /* LaunchScreen.storyboard */ = {
			isa = PBXVariantGroup;
			children = (
				D4074B1D1D8C481000BD7237 /* Base */,
			);
			name = LaunchScreen.storyboard;
			sourceTree = "<group>";
		};
/* End PBXVariantGroup section */

/* Begin XCBuildConfiguration section */
		D4074B201D8C481000BD7237 /* Debug */ = {
			isa = XCBuildConfiguration;
			buildSettings = {
				ALWAYS_SEARCH_USER_PATHS = NO;
				CLANG_ANALYZER_NONNULL = YES;
				CLANG_CXX_LANGUAGE_STANDARD = "gnu++0x";
				CLANG_CXX_LIBRARY = "libc++";
				CLANG_ENABLE_MODULES = YES;
				CLANG_ENABLE_OBJC_ARC = YES;
				CLANG_WARN_BOOL_CONVERSION = YES;
				CLANG_WARN_CONSTANT_CONVERSION = YES;
				CLANG_WARN_DIRECT_OBJC_ISA_USAGE = YES_ERROR;
				CLANG_WARN_DOCUMENTATION_COMMENTS = YES;
				CLANG_WARN_EMPTY_BODY = YES;
				CLANG_WARN_ENUM_CONVERSION = YES;
				CLANG_WARN_INFINITE_RECURSION = YES;
				CLANG_WARN_INT_CONVERSION = YES;
				CLANG_WARN_OBJC_ROOT_CLASS = YES_ERROR;
				CLANG_WARN_SUSPICIOUS_MOVES = YES;
				CLANG_WARN_UNREACHABLE_CODE = YES;
				CLANG_WARN__DUPLICATE_METHOD_MATCH = YES;
				"CODE_SIGN_IDENTITY[sdk=iphoneos*]" = "iPhone Developer";
				COPY_PHASE_STRIP = NO;
				DEBUG_INFORMATION_FORMAT = dwarf;
				ENABLE_STRICT_OBJC_MSGSEND = YES;
				ENABLE_TESTABILITY = YES;
				GCC_C_LANGUAGE_STANDARD = gnu99;
				GCC_DYNAMIC_NO_PIC = NO;
				GCC_NO_COMMON_BLOCKS = YES;
				GCC_OPTIMIZATION_LEVEL = 0;
				GCC_PREPROCESSOR_DEFINITIONS = (
					"DEBUG=1",
					"$(inherited)",
				);
				GCC_WARN_64_TO_32_BIT_CONVERSION = YES;
				GCC_WARN_ABOUT_RETURN_TYPE = YES_ERROR;
				GCC_WARN_UNDECLARED_SELECTOR = YES;
				GCC_WARN_UNINITIALIZED_AUTOS = YES_AGGRESSIVE;
				GCC_WARN_UNUSED_FUNCTION = YES;
				GCC_WARN_UNUSED_VARIABLE = YES;
				IPHONEOS_DEPLOYMENT_TARGET = 10.0;
				MTL_ENABLE_DEBUG_INFO = YES;
				ONLY_ACTIVE_ARCH = YES;
				SDKROOT = iphoneos;
				SWIFT_ACTIVE_COMPILATION_CONDITIONS = DEBUG;
				SWIFT_OPTIMIZATION_LEVEL = "-Onone";
			};
			name = Debug;
		};
		D4074B211D8C481000BD7237 /* Release */ = {
			isa = XCBuildConfiguration;
			buildSettings = {
				ALWAYS_SEARCH_USER_PATHS = NO;
				CLANG_ANALYZER_NONNULL = YES;
				CLANG_CXX_LANGUAGE_STANDARD = "gnu++0x";
				CLANG_CXX_LIBRARY = "libc++";
				CLANG_ENABLE_MODULES = YES;
				CLANG_ENABLE_OBJC_ARC = YES;
				CLANG_WARN_BOOL_CONVERSION = YES;
				CLANG_WARN_CONSTANT_CONVERSION = YES;
				CLANG_WARN_DIRECT_OBJC_ISA_USAGE = YES_ERROR;
				CLANG_WARN_DOCUMENTATION_COMMENTS = YES;
				CLANG_WARN_EMPTY_BODY = YES;
				CLANG_WARN_ENUM_CONVERSION = YES;
				CLANG_WARN_INFINITE_RECURSION = YES;
				CLANG_WARN_INT_CONVERSION = YES;
				CLANG_WARN_OBJC_ROOT_CLASS = YES_ERROR;
				CLANG_WARN_SUSPICIOUS_MOVES = YES;
				CLANG_WARN_UNREACHABLE_CODE = YES;
				CLANG_WARN__DUPLICATE_METHOD_MATCH = YES;
				"CODE_SIGN_IDENTITY[sdk=iphoneos*]" = "iPhone Developer";
				COPY_PHASE_STRIP = NO;
				DEBUG_INFORMATION_FORMAT = "dwarf-with-dsym";
				ENABLE_NS_ASSERTIONS = NO;
				ENABLE_STRICT_OBJC_MSGSEND = YES;
				GCC_C_LANGUAGE_STANDARD = gnu99;
				GCC_NO_COMMON_BLOCKS = YES;
				GCC_WARN_64_TO_32_BIT_CONVERSION = YES;
				GCC_WARN_ABOUT_RETURN_TYPE = YES_ERROR;
				GCC_WARN_UNDECLARED_SELECTOR = YES;
				GCC_WARN_UNINITIALIZED_AUTOS = YES_AGGRESSIVE;
				GCC_WARN_UNUSED_FUNCTION = YES;
				GCC_WARN_UNUSED_VARIABLE = YES;
				IPHONEOS_DEPLOYMENT_TARGET = 10.0;
				MTL_ENABLE_DEBUG_INFO = NO;
				SDKROOT = iphoneos;
				SWIFT_OPTIMIZATION_LEVEL = "-Owholemodule";
				VALIDATE_PRODUCT = YES;
			};
			name = Release;
		};
		D4074B231D8C481000BD7237 /* Debug */ = {
			isa = XCBuildConfiguration;
			buildSettings = {
				ASSETCATALOG_COMPILER_APPICON_NAME = AppIcon;
				DEVELOPMENT_TEAM = UP8PG5RXV7;
				INFOPLIST_FILE = mapTest/Info.plist;
				LD_RUNPATH_SEARCH_PATHS = "$(inherited) @executable_path/Frameworks";
				PRODUCT_BUNDLE_IDENTIFIER = "Kenny-Lee.mapTest";
				PRODUCT_NAME = "$(TARGET_NAME)";
				SWIFT_VERSION = 3.0;
			};
			name = Debug;
		};
		D4074B241D8C481000BD7237 /* Release */ = {
			isa = XCBuildConfiguration;
			buildSettings = {
				ASSETCATALOG_COMPILER_APPICON_NAME = AppIcon;
				DEVELOPMENT_TEAM = UP8PG5RXV7;
				INFOPLIST_FILE = mapTest/Info.plist;
				LD_RUNPATH_SEARCH_PATHS = "$(inherited) @executable_path/Frameworks";
				PRODUCT_BUNDLE_IDENTIFIER = "Kenny-Lee.mapTest";
				PRODUCT_NAME = "$(TARGET_NAME)";
				SWIFT_VERSION = 3.0;
			};
			name = Release;
		};
/* End XCBuildConfiguration section */

/* Begin XCConfigurationList section */
		D4074B0B1D8C480E00BD7237 /* Build configuration list for PBXProject "mapTest" */ = {
			isa = XCConfigurationList;
			buildConfigurations = (
				D4074B201D8C481000BD7237 /* Debug */,
				D4074B211D8C481000BD7237 /* Release */,
			);
			defaultConfigurationIsVisible = 0;
			defaultConfigurationName = Release;
		};
		D4074B221D8C481000BD7237 /* Build configuration list for PBXNativeTarget "mapTest" */ = {
			isa = XCConfigurationList;
			buildConfigurations = (
				D4074B231D8C481000BD7237 /* Debug */,
				D4074B241D8C481000BD7237 /* Release */,
			);
			defaultConfigurationIsVisible = 0;
		};
/* End XCConfigurationList section */
	};
	rootObject = D4074B081D8C480E00BD7237 /* Project object */;
}
